{
  "version": 4,
  "terraform_version": "1.15.8",
  "serial": 39,
  "lineage": "d6fff056-4dc9-28be-7872-310783094d36",
  "outputs": {},
  "resources": [
    {
      "mode": "data",
      "type": "azurerm_client_config",
      "name": "current",
      "provider": "provider[\"registry.terraform.io/hashicorp/azurerm\"]",
      "instances": [
        {
          "schema_version": 0,
          "attributes": {
            "client_id": "04b07795-8ddb-461a-bbee-02f9e1bf7b46",
            "id": "Y2xpZW50Q29uZmlncy9jbGllbnRJZD0wNGIwNzc5NS04ZGRiLTQ2MWEtYmJlZS0wMmY5ZTFiZjdiNDY7b2JqZWN0SWQ9YzE1Y2VlMzUtYTBlOS00ZmNjLTgzNjItOTY1MTRkM2RjYzJlO3N1YnNjcmlwdGlvbklkPTg2YjY5NmYzLWEyYTktNDQ5Zi1iZWY0LTMyYTEwN2E4MGFiNzt0ZW5hbnRJZD03MTdiOWE3OS0xYjkxLTQxYWItYTZmNy1hNTc5YjQ2YTliNDE=",
            "object_id": "c15cee35-a0e9-4fcc-8362-96514d3dcc2e",
            "subscription_id": "86b696f3-a2a9-449f-bef4-32a107a80ab7",
            "tenant_id": "717b9a79-1b91-41ab-a6f7-a579b46a9b41",
            "timeouts": null
          },
          "sensitive_attributes": [],
          "identity_schema_version": 0
        }
      ]
    },
    {
      "mode": "managed",
      "type": "azurerm_container_app",
      "name": "aca_01",
      "provider": "provider[\"registry.terraform.io/hashicorp/azurerm\"]",
      "instances": [
        {
          "schema_version": 0,
          "attributes": {
            "container_app_environment_id": "/subscriptions/86b696f3-a2a9-449f-bef4-32a107a80ab7/resourceGroups/rg-leo-east-us-01/providers/Microsoft.App/managedEnvironments/cae-env-leo-dev",
            "custom_domain_verification_id": "41785316D33454A83C78F2710CD28C40FBD1D4467406A49ED32D8D99E62D5A4B",
            "dapr": [],
            "id": "/subscriptions/86b696f3-a2a9-449f-bef4-32a107a80ab7/resourceGroups/rg-leo-east-us-01/providers/Microsoft.App/containerApps/aca-app-leo-dev",
            "identity": [],
            "ingress": [
              {
                "allow_insecure_connections": false,
                "client_certificate_mode": "",
                "cors": [],
                "custom_domain": [],
                "exposed_port": 0,
                "external_enabled": true,
                "fqdn": "aca-app-leo-dev.bluepond-beefdf1b.eastus.azurecontainerapps.io",
                "ip_security_restriction": [],
                "target_port": 8080,
                "traffic_weight": [
                  {
                    "label": "",
                    "latest_revision": true,
                    "percentage": 100,
                    "revision_suffix": ""
                  }
                ],
                "transport": "auto"
              }
            ],
            "latest_revision_fqdn": "aca-app-leo-dev--b67b4t5.bluepond-beefdf1b.eastus.azurecontainerapps.io",
            "latest_revision_name": "aca-app-leo-dev--b67b4t5",
            "location": "eastus",
            "max_inactive_revisions": 0,
            "name": "aca-app-leo-dev",
            "outbound_ip_addresses": [
              "134.33.209.208"
            ],
            "registry": [],
            "resource_group_name": "rg-leo-east-us-01",
            "revision_mode": "Single",
            "secret": [],
            "tags": null,
            "template": [
              {
                "azure_queue_scale_rule": [],
                "container": [
                  {
                    "args": null,
                    "command": null,
                    "cpu": 0.25,
                    "env": [],
                    "ephemeral_storage": "1Gi",
                    "image": "docker.io/lennart19/hello-service:latest",
                    "liveness_probe": [],
                    "memory": "0.5Gi",
                    "name": "ms-hello-java",
                    "readiness_probe": [],
                    "startup_probe": [],
                    "volume_mounts": []
                  }
                ],
                "cooldown_period_in_seconds": 300,
                "custom_scale_rule": [],
                "http_scale_rule": [],
                "init_container": [],
                "max_replicas": 2,
                "min_replicas": 1,
                "polling_interval_in_seconds": 30,
                "revision_suffix": "",
                "tcp_scale_rule": [],
                "termination_grace_period_seconds": 0,
                "volume": []
              }
            ],
            "timeouts": null,
            "workload_profile_name": ""
          },
          "sensitive_attributes": [
            [
              {
                "type": "get_attr",
                "value": "custom_domain_verification_id"
              }
            ]
          ],
          "identity_schema_version": 0,
          "private": "eyJlMmJmYjczMC1lY2FhLTExZTYtOGY4OC0zNDM2M2JjN2M0YzAiOnsiY3JlYXRlIjoxODAwMDAwMDAwMDAwLCJkZWxldGUiOjE4MDAwMDAwMDAwMDAsInJlYWQiOjMwMDAwMDAwMDAwMCwidXBkYXRlIjoxODAwMDAwMDAwMDAwfX0=",
          "dependencies": [
            "azurerm_container_app_environment.cae_01",
            "azurerm_resource_group.rg_01"
          ]
        }
      ]
    },
    {
      "mode": "managed",
      "type": "azurerm_container_app_environment",
      "name": "cae_01",
      "provider": "provider[\"registry.terraform.io/hashicorp/azurerm\"]",
      "instances": [
        {
          "schema_version": 0,
          "attributes": {
            "custom_domain_verification_id": "41785316D33454A83C78F2710CD28C40FBD1D4467406A49ED32D8D99E62D5A4B",
            "dapr_application_insights_connection_string": "",
            "default_domain": "bluepond-beefdf1b.eastus.azurecontainerapps.io",
            "docker_bridge_cidr": "",
            "id": "/subscriptions/86b696f3-a2a9-449f-bef4-32a107a80ab7/resourceGroups/rg-leo-east-us-01/providers/Microsoft.App/managedEnvironments/cae-env-leo-dev",
            "identity": [],
            "infrastructure_resource_group_name": "",
            "infrastructure_subnet_id": "",
            "internal_load_balancer_enabled": false,
            "location": "eastus",
            "log_analytics_workspace_id": "",
            "logs_destination": "",
            "mutual_tls_enabled": false,
            "name": "cae-env-leo-dev",
            "platform_reserved_cidr": "",
            "platform_reserved_dns_ip_address": "",
            "public_network_access": "Enabled",
            "resource_group_name": "rg-leo-east-us-01",
            "static_ip_address": "48.202.193.216",
            "tags": null,
            "timeouts": null,
            "workload_profile": [],
            "zone_redundancy_enabled": false
          },
          "sensitive_attributes": [
            [
              {
                "type": "get_attr",
                "value": "dapr_application_insights_connection_string"
              }
            ]
          ],
          "identity_schema_version": 0,
          "private": "eyJlMmJmYjczMC1lY2FhLTExZTYtOGY4OC0zNDM2M2JjN2M0YzAiOnsiY3JlYXRlIjoxODAwMDAwMDAwMDAwLCJkZWxldGUiOjE4MDAwMDAwMDAwMDAsInJlYWQiOjMwMDAwMDAwMDAwMCwidXBkYXRlIjoxODAwMDAwMDAwMDAwfX0=",
          "dependencies": [
            "azurerm_resource_group.rg_01"
          ]
        }
      ]
    },
    {
      "mode": "managed",
      "type": "azurerm_key_vault",
      "name": "kv_01",
      "provider": "provider[\"registry.terraform.io/hashicorp/azurerm\"]",
      "instances": [
        {
          "schema_version": 2,
          "attributes": {
            "access_policy": [],
            "enabled_for_deployment": false,
            "enabled_for_disk_encryption": true,
            "enabled_for_template_deployment": false,
            "id": "/subscriptions/86b696f3-a2a9-449f-bef4-32a107a80ab7/resourceGroups/rg-leo-east-us-01/providers/Microsoft.KeyVault/vaults/kv-leo-east-us-01",
            "location": "eastus",
            "name": "kv-leo-east-us-01",
            "network_acls": [
              {
                "bypass": "AzureServices",
                "default_action": "Allow",
                "ip_rules": [],
                "virtual_network_subnet_ids": []
              }
            ],
            "public_network_access_enabled": true,
            "purge_protection_enabled": false,
            "rbac_authorization_enabled": true,
            "resource_group_name": "rg-leo-east-us-01",
            "sku_name": "standard",
            "soft_delete_retention_days": 7,
            "tags": null,
            "tenant_id": "717b9a79-1b91-41ab-a6f7-a579b46a9b41",
            "timeouts": null,
            "vault_uri": "https://kv-leo-east-us-01.vault.azure.net/"
          },
          "sensitive_attributes": [],
          "identity_schema_version": 0,
          "identity": {
            "name": "kv-leo-east-us-01",
            "resource_group_name": "rg-leo-east-us-01",
            "subscription_id": "86b696f3-a2a9-449f-bef4-32a107a80ab7"
          },
          "private": "eyJlMmJmYjczMC1lY2FhLTExZTYtOGY4OC0zNDM2M2JjN2M0YzAiOnsiY3JlYXRlIjoxODAwMDAwMDAwMDAwLCJkZWxldGUiOjE4MDAwMDAwMDAwMDAsInJlYWQiOjMwMDAwMDAwMDAwMCwidXBkYXRlIjoxODAwMDAwMDAwMDAwfSwic2NoZW1hX3ZlcnNpb24iOiIyIn0=",
          "dependencies": [
            "azurerm_resource_group.rg_01",
            "data.azurerm_client_config.current"
          ]
        }
      ]
    },
    {
      "mode": "managed",
      "type": "azurerm_resource_group",
      "name": "rg_01",
      "provider": "provider[\"registry.terraform.io/hashicorp/azurerm\"]",
      "instances": [
        {
          "schema_version": 0,
          "attributes": {
            "id": "/subscriptions/86b696f3-a2a9-449f-bef4-32a107a80ab7/resourceGroups/rg-leo-east-us-01",
            "location": "eastus",
            "managed_by": "",
            "name": "rg-leo-east-us-01",
            "tags": {},
            "timeouts": null
          },
          "sensitive_attributes": [],
          "identity_schema_version": 0,
          "identity": {
            "name": "rg-leo-east-us-01",
            "subscription_id": "86b696f3-a2a9-449f-bef4-32a107a80ab7"
          },
          "private": "eyJlMmJmYjczMC1lY2FhLTExZTYtOGY4OC0zNDM2M2JjN2M0YzAiOnsiY3JlYXRlIjo1NDAwMDAwMDAwMDAwLCJkZWxldGUiOjU0MDAwMDAwMDAwMDAsInJlYWQiOjMwMDAwMDAwMDAwMCwidXBkYXRlIjo1NDAwMDAwMDAwMDAwfX0="
        }
      ]
    },
    {
      "mode": "managed",
      "type": "azurerm_role_assignment",
      "name": "identity_kv_secrets",
      "provider": "provider[\"registry.terraform.io/hashicorp/azurerm\"]",
      "instances": [
        {
          "schema_version": 0,
          "attributes": {
            "condition": "",
            "condition_version": "",
            "delegated_managed_identity_resource_id": "",
            "description": "",
            "id": "/subscriptions/86b696f3-a2a9-449f-bef4-32a107a80ab7/resourceGroups/rg-leo-east-us-01/providers/Microsoft.KeyVault/vaults/kv-leo-east-us-01/providers/Microsoft.Authorization/roleAssignments/020c7d59-4ed1-5a92-c0ac-f1fd72a613f2",
            "name": "020c7d59-4ed1-5a92-c0ac-f1fd72a613f2",
            "principal_id": "3d368f67-f02b-461c-af34-3bf294d9061c",
            "principal_type": "ServicePrincipal",
            "role_definition_id": "/subscriptions/86b696f3-a2a9-449f-bef4-32a107a80ab7/providers/Microsoft.Authorization/roleDefinitions/4633458b-17de-408a-b874-0445c86b69e6",
            "role_definition_name": "Key Vault Secrets User",
            "scope": "/subscriptions/86b696f3-a2a9-449f-bef4-32a107a80ab7/resourceGroups/rg-leo-east-us-01/providers/Microsoft.KeyVault/vaults/kv-leo-east-us-01",
            "skip_service_principal_aad_check": null,
            "timeouts": null
          },
          "sensitive_attributes": [],
          "identity_schema_version": 0,
          "private": "eyJlMmJmYjczMC1lY2FhLTExZTYtOGY4OC0zNDM2M2JjN2M0YzAiOnsiY3JlYXRlIjoxODAwMDAwMDAwMDAwLCJkZWxldGUiOjE4MDAwMDAwMDAwMDAsInJlYWQiOjMwMDAwMDAwMDAwMH19",
          "dependencies": [
            "azurerm_key_vault.kv_01",
            "azurerm_resource_group.rg_01",
            "azurerm_user_assigned_identity.identity_01",
            "data.azurerm_client_config.current"
          ]
        }
      ]
    },
    {
      "mode": "managed",
      "type": "azurerm_role_assignment",
      "name": "identity_kv_secrets_02",
      "provider": "provider[\"registry.terraform.io/hashicorp/azurerm\"]",
      "instances": [
        {
          "schema_version": 0,
          "attributes": {
            "condition": "",
            "condition_version": "",
            "delegated_managed_identity_resource_id": "",
            "description": "",
            "id": "/subscriptions/86b696f3-a2a9-449f-bef4-32a107a80ab7/resourceGroups/rg-leo-east-us-01/providers/Microsoft.KeyVault/vaults/kv-leo-east-us-01/providers/Microsoft.Authorization/roleAssignments/03fff520-a97f-4a9b-06ad-64169b253e34",
            "name": "03fff520-a97f-4a9b-06ad-64169b253e34",
            "principal_id": "c15cee35-a0e9-4fcc-8362-96514d3dcc2e",
            "principal_type": "User",
            "role_definition_id": "/subscriptions/86b696f3-a2a9-449f-bef4-32a107a80ab7/providers/Microsoft.Authorization/roleDefinitions/00482a5a-887f-4fb3-b363-3b7fe8e74483",
            "role_definition_name": "Key Vault Administrator",
            "scope": "/subscriptions/86b696f3-a2a9-449f-bef4-32a107a80ab7/resourceGroups/rg-leo-east-us-01/providers/Microsoft.KeyVault/vaults/kv-leo-east-us-01",
            "skip_service_principal_aad_check": null,
            "timeouts": null
          },
          "sensitive_attributes": [],
          "identity_schema_version": 0,
          "private": "eyJlMmJmYjczMC1lY2FhLTExZTYtOGY4OC0zNDM2M2JjN2M0YzAiOnsiY3JlYXRlIjoxODAwMDAwMDAwMDAwLCJkZWxldGUiOjE4MDAwMDAwMDAwMDAsInJlYWQiOjMwMDAwMDAwMDAwMH19",
          "dependencies": [
            "azurerm_key_vault.kv_01",
            "azurerm_resource_group.rg_01",
            "data.azurerm_client_config.current"
          ]
        }
      ]
    },
    {
      "mode": "managed",
      "type": "azurerm_user_assigned_identity",
      "name": "identity_01",
      "provider": "provider[\"registry.terraform.io/hashicorp/azurerm\"]",
      "instances": [
        {
          "schema_version": 1,
          "attributes": {
            "client_id": "338259da-db6b-4ea1-9789-bfe2b3eb9f48",
            "id": "/subscriptions/86b696f3-a2a9-449f-bef4-32a107a80ab7/resourceGroups/rg-leo-east-us-01/providers/Microsoft.ManagedIdentity/userAssignedIdentities/identity-user-leo-dev",
            "isolation_scope": "",
            "location": "eastus",
            "name": "identity-user-leo-dev",
            "principal_id": "3d368f67-f02b-461c-af34-3bf294d9061c",
            "resource_group_name": "rg-leo-east-us-01",
            "tags": null,
            "tenant_id": "717b9a79-1b91-41ab-a6f7-a579b46a9b41",
            "timeouts": null
          },
          "sensitive_attributes": [],
          "identity_schema_version": 0,
          "private": "eyJlMmJmYjczMC1lY2FhLTExZTYtOGY4OC0zNDM2M2JjN2M0YzAiOnsiY3JlYXRlIjoxODAwMDAwMDAwMDAwLCJkZWxldGUiOjE4MDAwMDAwMDAwMDAsInJlYWQiOjMwMDAwMDAwMDAwMCwidXBkYXRlIjoxODAwMDAwMDAwMDAwfSwic2NoZW1hX3ZlcnNpb24iOiIxIn0=",
          "dependencies": [
            "azurerm_resource_group.rg_01"
          ]
        }
      ]
    }
  ],
  "check_results": null
}
